
Microsoft Visual Studio Solution File, Format Version 12.00
# Visual Studio Version 16
VisualStudioVersion = 16.0.33529.622
MinimumVisualStudioVersion = 10.0.40219.1
Project("{FAE04EC0-301F-11D3-BF4B-00C04F79EFBC}") = "WebApplication2", "WebApplication2\WebApplication2.csproj", "{2218400A-A881-4403-8A76-29F0744956A2}"
EndProject
Global
	GlobalSection(SolutionConfigurationPlatforms) = preSolution
		Debug|Any CPU = Debug|Any CPU
		Release|Any CPU = Release|Any CPU
	EndGlobalSection
	GlobalSection(ProjectConfigurationPlatforms) = postSolution
		{2218400A-A881-4403-8A76-29F0744956A2}.Debug|Any CPU.ActiveCfg = Debug|Any CPU
		{2218400A-A881-4403-8A76-29F0744956A2}.Debug|Any CPU.Build.0 = Debug|Any CPU
		{2218400A-A881-4403-8A76-29F0744956A2}.Release|Any CPU.ActiveCfg = Release|Any CPU
		{2218400A-A881-4403-8A76-29F0744956A2}.Release|Any CPU.Build.0 = Release|Any CPU
	EndGlobalSection
	GlobalSection(SolutionProperties) = preSolution
		HideSolutionNode = FALSE
	EndGlobalSection
	GlobalSection(ExtensibilityGlobals) = postSolution
		SolutionGuid = {1B7302CF-D224-4435-BE0C-A205B432D826}
	EndGlobalSection
EndGlobal
